// !$*UTF8*$!
{
	archiveVersion = 1;
	classes = {
	};
	objectVersion = 56;
	objects = {

/* Begin PBXBuildFile section */
		96F0F2332A75521A00675133 /* AppDelegate.swift in Sources */ = {isa = PBXBuildFile; fileRef = 96F0F2322A75521A00675133 /* AppDelegate.swift */; };
		96F0F2352A75521A00675133 /* SceneDelegate.swift in Sources */ = {isa = PBXBuildFile; fileRef = 96F0F2342A75521A00675133 /* SceneDelegate.swift */; };
		96F0F2372A75521A00675133 /* ViewController.swift in Sources */ = {isa = PBXBuildFile; fileRef = 96F0F2362A75521A00675133 /* ViewController.swift */; };
		96F0F23A2A75521A00675133 /* Main.storyboard in Resources */ = {isa = PBXBuildFile; fileRef = 96F0F2382A75521A00675133 /* Main.storyboard */; };
		96F0F23C2A75521B00675133 /* Assets.xcassets in Resources */ = {isa = PBXBuildFile; fileRef = 96F0F23B2A75521B00675133 /* Assets.xcassets */; };
		96F0F23F2A75521B00675133 /* LaunchScreen.storyboard in Resources */ = {isa = PBXBuildFile; fileRef = 96F0F23D2A75521B00675133 /* LaunchScreen.storyboard */; };
		96F0F2592A755F4A00675133 /* NavStackHolder.swift in Sources */ = {isa = PBXBuildFile; fileRef = 96F0F2582A755F4A00675133 /* NavStackHolder.swift */; };
		96F0F25D2A755F6200675133 /* MainView.swift in Sources */ = {isa = PBXBuildFile; fileRef = 96F0F25C2A755F6200675133 /* MainView.swift */; };
		96F0F2612A75603300675133 /* Feature_1_View.swift in Sources */ = {isa = PBXBuildFile; fileRef = 96F0F2602A75603300675133 /* Feature_1_View.swift */; };
		96F0F2632A75607E00675133 /* Feature_1_ViewModel.swift in Sources */ = {isa = PBXBuildFile; fileRef = 96F0F2622A75607E00675133 /* Feature_1_ViewModel.swift */; };
		96F0F2672A7560F900675133 /* Station.swift in Sources */ = {isa = PBXBuildFile; fileRef = 96F0F2662A7560F900675133 /* Station.swift */; };
		96F0F26A2A7561E300675133 /* Feature_1_A_View.swift in Sources */ = {isa = PBXBuildFile; fileRef = 96F0F2692A7561E300675133 /* Feature_1_A_View.swift */; };
		96F0F26C2A7562A300675133 /* Feature_1_A_ViewModel.swift in Sources */ = {isa = PBXBuildFile; fileRef = 96F0F26B2A7562A300675133 /* Feature_1_A_ViewModel.swift */; };
		96F0F26F2A7563AC00675133 /* Feature_1_A_1_View.swift in Sources */ = {isa = PBXBuildFile; fileRef = 96F0F26E2A7563AC00675133 /* Feature_1_A_1_View.swift */; };
		96F0F2722A75652C00675133 /* Feature_2_View.swift in Sources */ = {isa = PBXBuildFile; fileRef = 96F0F2712A75652C00675133 /* Feature_2_View.swift */; };
		96F0F2742A7565AB00675133 /* Feature_2_ViewModel.swift in Sources */ = {isa = PBXBuildFile; fileRef = 96F0F2732A7565AB00675133 /* Feature_2_ViewModel.swift */; };
		96F0F2772A75661300675133 /* Feature_3_View.swift in Sources */ = {isa = PBXBuildFile; fileRef = 96F0F2762A75661300675133 /* Feature_3_View.swift */; };
		96F0F2792A75661A00675133 /* Feature_3_ViewModel.swift in Sources */ = {isa = PBXBuildFile; fileRef = 96F0F2782A75661A00675133 /* Feature_3_ViewModel.swift */; };
/* End PBXBuildFile section */

/* Begin PBXFileReference section */
		96F0F22F2A75521A00675133 /* UIKitNavigationExample.app */ = {isa = PBXFileReference; explicitFileType = wrapper.application; includeInIndex = 0; path = UIKitNavigationExample.app; sourceTree = BUILT_PRODUCTS_DIR; };
		96F0F2322A75521A00675133 /* AppDelegate.swift */ = {isa = PBXFileReference; lastKnownFileType = sourcecode.swift; path = AppDelegate.swift; sourceTree = "<group>"; };
		96F0F2342A75521A00675133 /* SceneDelegate.swift */ = {isa = PBXFileReference; lastKnownFileType = sourcecode.swift; path = SceneDelegate.swift; sourceTree = "<group>"; };
		96F0F2362A75521A00675133 /* ViewController.swift */ = {isa = PBXFileReference; lastKnownFileType = sourcecode.swift; path = ViewController.swift; sourceTree = "<group>"; };
		96F0F2392A75521A00675133 /* Base */ = {isa = PBXFileReference; lastKnownFileType = file.storyboard; name = Base; path = Base.lproj/Main.storyboard; sourceTree = "<group>"; };
		96F0F23B2A75521B00675133 /* Assets.xcassets */ = {isa = PBXFileReference; lastKnownFileType = folder.assetcatalog; path = Assets.xcassets; sourceTree = "<group>"; };
		96F0F23E2A75521B00675133 /* Base */ = {isa = PBXFileReference; lastKnownFileType = file.storyboard; name = Base; path = Base.lproj/LaunchScreen.storyboard; sourceTree = "<group>"; };
		96F0F2402A75521B00675133 /* Info.plist */ = {isa = PBXFileReference; lastKnownFileType = text.plist.xml; path = Info.plist; sourceTree = "<group>"; };
		96F0F2582A755F4A00675133 /* NavStackHolder.swift */ = {isa = PBXFileReference; lastKnownFileType = sourcecode.swift; path = NavStackHolder.swift; sourceTree = "<group>"; };
		96F0F25C2A755F6200675133 /* MainView.swift */ = {isa = PBXFileReference; lastKnownFileType = sourcecode.swift; path = MainView.swift; sourceTree = "<group>"; };
		96F0F2602A75603300675133 /* Feature_1_View.swift */ = {isa = PBXFileReference; lastKnownFileType = sourcecode.swift; path = Feature_1_View.swift; sourceTree = "<group>"; };
		96F0F2622A75607E00675133 /* Feature_1_ViewModel.swift */ = {isa = PBXFileReference; lastKnownFileType = sourcecode.swift; path = Feature_1_ViewModel.swift; sourceTree = "<group>"; };
		96F0F2662A7560F900675133 /* Station.swift */ = {isa = PBXFileReference; lastKnownFileType = sourcecode.swift; path = Station.swift; sourceTree = "<group>"; };
		96F0F2692A7561E300675133 /* Feature_1_A_View.swift */ = {isa = PBXFileReference; lastKnownFileType = sourcecode.swift; path = Feature_1_A_View.swift; sourceTree = "<group>"; };
		96F0F26B2A7562A300675133 /* Feature_1_A_ViewModel.swift */ = {isa = PBXFileReference; lastKnownFileType = sourcecode.swift; path = Feature_1_A_ViewModel.swift; sourceTree = "<group>"; };
		96F0F26E2A7563AC00675133 /* Feature_1_A_1_View.swift */ = {isa = PBXFileReference; lastKnownFileType = sourcecode.swift; path = Feature_1_A_1_View.swift; sourceTree = "<group>"; };
		96F0F2712A75652C00675133 /* Feature_2_View.swift */ = {isa = PBXFileReference; lastKnownFileType = sourcecode.swift; path = Feature_2_View.swift; sourceTree = "<group>"; };
		96F0F2732A7565AB00675133 /* Feature_2_ViewModel.swift */ = {isa = PBXFileReference; lastKnownFileType = sourcecode.swift; path = Feature_2_ViewModel.swift; sourceTree = "<group>"; };
		96F0F2762A75661300675133 /* Feature_3_View.swift */ = {isa = PBXFileReference; lastKnownFileType = sourcecode.swift; path = Feature_3_View.swift; sourceTree = "<group>"; };
		96F0F2782A75661A00675133 /* Feature_3_ViewModel.swift */ = {isa = PBXFileReference; lastKnownFileType = sourcecode.swift; path = Feature_3_ViewModel.swift; sourceTree = "<group>"; };
		96F0F27C2A7570A300675133 /* README.md */ = {isa = PBXFileReference; lastKnownFileType = net.daringfireball.markdown; path = README.md; sourceTree = "<group>"; };
/* End PBXFileReference section */

/* Begin PBXFrameworksBuildPhase section */
		96F0F22C2A75521A00675133 /* Frameworks */ = {
			isa = PBXFrameworksBuildPhase;
			buildActionMask = 2147483647;
			files = (
			);
			runOnlyForDeploymentPostprocessing = 0;
		};
/* End PBXFrameworksBuildPhase section */

/* Begin PBXGroup section */
		96F0F2262A75521A00675133 = {
			isa = PBXGroup;
			children = (
				96F0F27C2A7570A300675133 /* README.md */,
				96F0F2312A75521A00675133 /* UIKitNavigationExample */,
				96F0F2302A75521A00675133 /* Products */,
			);
			sourceTree = "<group>";
		};
		96F0F2302A75521A00675133 /* Products */ = {
			isa = PBXGroup;
			children = (
				96F0F22F2A75521A00675133 /* UIKitNavigationExample.app */,
			);
			name = Products;
			sourceTree = "<group>";
		};
		96F0F2312A75521A00675133 /* UIKitNavigationExample */ = {
			isa = PBXGroup;
			children = (
				96F0F25E2A75602800675133 /* Features */,
				96F0F25A2A755F5700675133 /* Core */,
				96F0F2322A75521A00675133 /* AppDelegate.swift */,
				96F0F2342A75521A00675133 /* SceneDelegate.swift */,
				96F0F2362A75521A00675133 /* ViewController.swift */,
				96F0F2382A75521A00675133 /* Main.storyboard */,
				96F0F23B2A75521B00675133 /* Assets.xcassets */,
				96F0F23D2A75521B00675133 /* LaunchScreen.storyboard */,
				96F0F2402A75521B00675133 /* Info.plist */,
			);
			path = UIKitNavigationExample;
			sourceTree = "<group>";
		};
		96F0F2572A755F3500675133 /* Navigation */ = {
			isa = PBXGroup;
			children = (
				96F0F2582A755F4A00675133 /* NavStackHolder.swift */,
			);
			path = Navigation;
			sourceTree = "<group>";
		};
		96F0F25A2A755F5700675133 /* Core */ = {
			isa = PBXGroup;
			children = (
				96F0F2642A7560EE00675133 /* Domain */,
				96F0F25B2A755F5C00675133 /* App */,
				96F0F2572A755F3500675133 /* Navigation */,
			);
			path = Core;
			sourceTree = "<group>";
		};
		96F0F25B2A755F5C00675133 /* App */ = {
			isa = PBXGroup;
			children = (
				96F0F25C2A755F6200675133 /* MainView.swift */,
			);
			path = App;
			sourceTree = "<group>";
		};
		96F0F25E2A75602800675133 /* Features */ = {
			isa = PBXGroup;
			children = (
				96F0F25F2A75602C00675133 /* Feature_1 */,
				96F0F2702A75652300675133 /* Feature_2 */,
				96F0F2752A75660A00675133 /* Feature_3 */,
			);
			path = Features;
			sourceTree = "<group>";
		};
		96F0F25F2A75602C00675133 /* Feature_1 */ = {
			isa = PBXGroup;
			children = (
				96F0F2622A75607E00675133 /* Feature_1_ViewModel.swift */,
				96F0F2602A75603300675133 /* Feature_1_View.swift */,
				96F0F2682A7561AC00675133 /* Feature_1_A */,
			);
			path = Feature_1;
			sourceTree = "<group>";
		};
		96F0F2642A7560EE00675133 /* Domain */ = {
			isa = PBXGroup;
			children = (
				96F0F2652A7560F300675133 /* Entities */,
			);
			path = Domain;
			sourceTree = "<group>";
		};
		96F0F2652A7560F300675133 /* Entities */ = {
			isa = PBXGroup;
			children = (
				96F0F2662A7560F900675133 /* Station.swift */,
			);
			path = Entities;
			sourceTree = "<group>";
		};
		96F0F2682A7561AC00675133 /* Feature_1_A */ = {
			isa = PBXGroup;
			children = (
				96F0F26B2A7562A300675133 /* Feature_1_A_ViewModel.swift */,
				96F0F2692A7561E300675133 /* Feature_1_A_View.swift */,
				96F0F26D2A75639D00675133 /* Feature_1_A_1 */,
			);
			path = Feature_1_A;
			sourceTree = "<group>";
		};
		96F0F26D2A75639D00675133 /* Feature_1_A_1 */ = {
			isa = PBXGroup;
			children = (
				96F0F26E2A7563AC00675133 /* Feature_1_A_1_View.swift */,
			);
			path = Feature_1_A_1;
			sourceTree = "<group>";
		};
		96F0F2702A75652300675133 /* Feature_2 */ = {
			isa = PBXGroup;
			children = (
				96F0F2732A7565AB00675133 /* Feature_2_ViewModel.swift */,
				96F0F2712A75652C00675133 /* Feature_2_View.swift */,
			);
			path = Feature_2;
			sourceTree = "<group>";
		};
		96F0F2752A75660A00675133 /* Feature_3 */ = {
			isa = PBXGroup;
			children = (
				96F0F2782A75661A00675133 /* Feature_3_ViewModel.swift */,
				96F0F2762A75661300675133 /* Feature_3_View.swift */,
			);
			path = Feature_3;
			sourceTree = "<group>";
		};
/* End PBXGroup section */

/* Begin PBXNativeTarget section */
		96F0F22E2A75521A00675133 /* UIKitNavigationExample */ = {
			isa = PBXNativeTarget;
			buildConfigurationList = 96F0F2432A75521B00675133 /* Build configuration list for PBXNativeTarget "UIKitNavigationExample" */;
			buildPhases = (
				96F0F22B2A75521A00675133 /* Sources */,
				96F0F22C2A75521A00675133 /* Frameworks */,
				96F0F22D2A75521A00675133 /* Resources */,
			);
			buildRules = (
			);
			dependencies = (
			);
			name = UIKitNavigationExample;
			productName = UIKitNavigationExample;
			productReference = 96F0F22F2A75521A00675133 /* UIKitNavigationExample.app */;
			productType = "com.apple.product-type.application";
		};
/* End PBXNativeTarget section */

/* Begin PBXProject section */
		96F0F2272A75521A00675133 /* Project object */ = {
			isa = PBXProject;
			attributes = {
				BuildIndependentTargetsInParallel = 1;
				LastSwiftUpdateCheck = 1430;
				LastUpgradeCheck = 1430;
				TargetAttributes = {
					96F0F22E2A75521A00675133 = {
						CreatedOnToolsVersion = 14.3;
					};
				};
			};
			buildConfigurationList = 96F0F22A2A75521A00675133 /* Build configuration list for PBXProject "UIKitNavigationExample" */;
			compatibilityVersion = "Xcode 14.0";
			developmentRegion = en;
			hasScannedForEncodings = 0;
			knownRegions = (
				en,
				Base,
			);
			mainGroup = 96F0F2262A75521A00675133;
			productRefGroup = 96F0F2302A75521A00675133 /* Products */;
			projectDirPath = "";
			projectRoot = "";
			targets = (
				96F0F22E2A75521A00675133 /* UIKitNavigationExample */,
			);
		};
/* End PBXProject section */

/* Begin PBXResourcesBuildPhase section */
		96F0F22D2A75521A00675133 /* Resources */ = {
			isa = PBXResourcesBuildPhase;
			buildActionMask = 2147483647;
			files = (
				96F0F23F2A75521B00675133 /* LaunchScreen.storyboard in Resources */,
				96F0F23C2A75521B00675133 /* Assets.xcassets in Resources */,
				96F0F23A2A75521A00675133 /* Main.storyboard in Resources */,
			);
			runOnlyForDeploymentPostprocessing = 0;
		};
/* End PBXResourcesBuildPhase section */

/* Begin PBXSourcesBuildPhase section */
		96F0F22B2A75521A00675133 /* Sources */ = {
			isa = PBXSourcesBuildPhase;
			buildActionMask = 2147483647;
			files = (
				96F0F2792A75661A00675133 /* Feature_3_ViewModel.swift in Sources */,
				96F0F2592A755F4A00675133 /* NavStackHolder.swift in Sources */,
				96F0F2372A75521A00675133 /* ViewController.swift in Sources */,
				96F0F2722A75652C00675133 /* Feature_2_View.swift in Sources */,
				96F0F2672A7560F900675133 /* Station.swift in Sources */,
				96F0F2742A7565AB00675133 /* Feature_2_ViewModel.swift in Sources */,
				96F0F2772A75661300675133 /* Feature_3_View.swift in Sources */,
				96F0F26C2A7562A300675133 /* Feature_1_A_ViewModel.swift in Sources */,
				96F0F2332A75521A00675133 /* AppDelegate.swift in Sources */,
				96F0F25D2A755F6200675133 /* MainView.swift in Sources */,
				96F0F26A2A7561E300675133 /* Feature_1_A_View.swift in Sources */,
				96F0F2352A75521A00675133 /* SceneDelegate.swift in Sources */,
				96F0F2632A75607E00675133 /* Feature_1_ViewModel.swift in Sources */,
				96F0F26F2A7563AC00675133 /* Feature_1_A_1_View.swift in Sources */,
				96F0F2612A75603300675133 /* Feature_1_View.swift in Sources */,
			);
			runOnlyForDeploymentPostprocessing = 0;
		};
/* End PBXSourcesBuildPhase section */

/* Begin PBXVariantGroup section */
		96F0F2382A75521A00675133 /* Main.storyboard */ = {
			isa = PBXVariantGroup;
			children = (
				96F0F2392A75521A00675133 /* Base */,
			);
			name = Main.storyboard;
			sourceTree = "<group>";
		};
		96F0F23D2A75521B00675133 /* LaunchScreen.storyboard */ = {
			isa = PBXVariantGroup;
			children = (
				96F0F23E2A75521B00675133 /* Base */,
			);
			name = LaunchScreen.storyboard;
			sourceTree = "<group>";
		};
/* End PBXVariantGroup section */

/* Begin XCBuildConfiguration section */
		96F0F2412A75521B00675133 /* Debug */ = {
			isa = XCBuildConfiguration;
			buildSettings = {
				ALWAYS_SEARCH_USER_PATHS = NO;
				CLANG_ANALYZER_NONNULL = YES;
				CLANG_ANALYZER_NUMBER_OBJECT_CONVERSION = YES_AGGRESSIVE;
				CLANG_CXX_LANGUAGE_STANDARD = "gnu++20";
				CLANG_ENABLE_MODULES = YES;
				CLANG_ENABLE_OBJC_ARC = YES;
				CLANG_ENABLE_OBJC_WEAK = YES;
				CLANG_WARN_BLOCK_CAPTURE_AUTORELEASING = YES;
				CLANG_WARN_BOOL_CONVERSION = YES;
				CLANG_WARN_COMMA = YES;
				CLANG_WARN_CONSTANT_CONVERSION = YES;
				CLANG_WARN_DEPRECATED_OBJC_IMPLEMENTATIONS = YES;
				CLANG_WARN_DIRECT_OBJC_ISA_USAGE = YES_ERROR;
				CLANG_WARN_DOCUMENTATION_COMMENTS = YES;
				CLANG_WARN_EMPTY_BODY = YES;
				CLANG_WARN_ENUM_CONVERSION = YES;
				CLANG_WARN_INFINITE_RECURSION = YES;
				CLANG_WARN_INT_CONVERSION = YES;
				CLANG_WARN_NON_LITERAL_NULL_CONVERSION = YES;
				CLANG_WARN_OBJC_IMPLICIT_RETAIN_SELF = YES;
				CLANG_WARN_OBJC_LITERAL_CONVERSION = YES;
				CLANG_WARN_OBJC_ROOT_CLASS = YES_ERROR;
				CLANG_WARN_QUOTED_INCLUDE_IN_FRAMEWORK_HEADER = YES;
				CLANG_WARN_RANGE_LOOP_ANALYSIS = YES;
				CLANG_WARN_STRICT_PROTOTYPES = YES;
				CLANG_WARN_SUSPICIOUS_MOVE = YES;
				CLANG_WARN_UNGUARDED_AVAILABILITY = YES_AGGRESSIVE;
				CLANG_WARN_UNREACHABLE_CODE = YES;
				CLANG_WARN__DUPLICATE_METHOD_MATCH = YES;
				COPY_PHASE_STRIP = NO;
				DEBUG_INFORMATION_FORMAT = dwarf;
				ENABLE_STRICT_OBJC_MSGSEND = YES;
				ENABLE_TESTABILITY = YES;
				GCC_C_LANGUAGE_STANDARD = gnu11;
				GCC_DYNAMIC_NO_PIC = NO;
				GCC_NO_COMMON_BLOCKS = YES;
				GCC_OPTIMIZATION_LEVEL = 0;
				GCC_PREPROCESSOR_DEFINITIONS = (
					"DEBUG=1",
					"$(inherited)",
				);
				GCC_WARN_64_TO_32_BIT_CONVERSION = YES;
				GCC_WARN_ABOUT_RETURN_TYPE = YES_ERROR;
				GCC_WARN_UNDECLARED_SELECTOR = YES;
				GCC_WARN_UNINITIALIZED_AUTOS = YES_AGGRESSIVE;
				GCC_WARN_UNUSED_FUNCTION = YES;
				GCC_WARN_UNUSED_VARIABLE = YES;
				IPHONEOS_DEPLOYMENT_TARGET = 16.4;
				MTL_ENABLE_DEBUG_INFO = INCLUDE_SOURCE;
				MTL_FAST_MATH = YES;
				ONLY_ACTIVE_ARCH = YES;
				SDKROOT = iphoneos;
				SWIFT_ACTIVE_COMPILATION_CONDITIONS = DEBUG;
				SWIFT_OPTIMIZATION_LEVEL = "-Onone";
			};
			name = Debug;
		};
		96F0F2422A75521B00675133 /* Release */ = {
			isa = XCBuildConfiguration;
			buildSettings = {
				ALWAYS_SEARCH_USER_PATHS = NO;
				CLANG_ANALYZER_NONNULL = YES;
				CLANG_ANALYZER_NUMBER_OBJECT_CONVERSION = YES_AGGRESSIVE;
				CLANG_CXX_LANGUAGE_STANDARD = "gnu++20";
				CLANG_ENABLE_MODULES = YES;
				CLANG_ENABLE_OBJC_ARC = YES;
				CLANG_ENABLE_OBJC_WEAK = YES;
				CLANG_WARN_BLOCK_CAPTURE_AUTORELEASING = YES;
				CLANG_WARN_BOOL_CONVERSION = YES;
				CLANG_WARN_COMMA = YES;
				CLANG_WARN_CONSTANT_CONVERSION = YES;
				CLANG_WARN_DEPRECATED_OBJC_IMPLEMENTATIONS = YES;
				CLANG_WARN_DIRECT_OBJC_ISA_USAGE = YES_ERROR;
				CLANG_WARN_DOCUMENTATION_COMMENTS = YES;
				CLANG_WARN_EMPTY_BODY = YES;
				CLANG_WARN_ENUM_CONVERSION = YES;
				CLANG_WARN_INFINITE_RECURSION = YES;
				CLANG_WARN_INT_CONVERSION = YES;
				CLANG_WARN_NON_LITERAL_NULL_CONVERSION = YES;
				CLANG_WARN_OBJC_IMPLICIT_RETAIN_SELF = YES;
				CLANG_WARN_OBJC_LITERAL_CONVERSION = YES;
				CLANG_WARN_OBJC_ROOT_CLASS = YES_ERROR;
				CLANG_WARN_QUOTED_INCLUDE_IN_FRAMEWORK_HEADER = YES;
				CLANG_WARN_RANGE_LOOP_ANALYSIS = YES;
				CLANG_WARN_STRICT_PROTOTYPES = YES;
				CLANG_WARN_SUSPICIOUS_MOVE = YES;
				CLANG_WARN_UNGUARDED_AVAILABILITY = YES_AGGRESSIVE;
				CLANG_WARN_UNREACHABLE_CODE = YES;
				CLANG_WARN__DUPLICATE_METHOD_MATCH = YES;
				COPY_PHASE_STRIP = NO;
				DEBUG_INFORMATION_FORMAT = "dwarf-with-dsym";
				ENABLE_NS_ASSERTIONS = NO;
				ENABLE_STRICT_OBJC_MSGSEND = YES;
				GCC_C_LANGUAGE_STANDARD = gnu11;
				GCC_NO_COMMON_BLOCKS = YES;
				GCC_WARN_64_TO_32_BIT_CONVERSION = YES;
				GCC_WARN_ABOUT_RETURN_TYPE = YES_ERROR;
				GCC_WARN_UNDECLARED_SELECTOR = YES;
				GCC_WARN_UNINITIALIZED_AUTOS = YES_AGGRESSIVE;
				GCC_WARN_UNUSED_FUNCTION = YES;
				GCC_WARN_UNUSED_VARIABLE = YES;
				IPHONEOS_DEPLOYMENT_TARGET = 16.4;
				MTL_ENABLE_DEBUG_INFO = NO;
				MTL_FAST_MATH = YES;
				SDKROOT = iphoneos;
				SWIFT_COMPILATION_MODE = wholemodule;
				SWIFT_OPTIMIZATION_LEVEL = "-O";
				VALIDATE_PRODUCT = YES;
			};
			name = Release;
		};
		96F0F2442A75521B00675133 /* Debug */ = {
			isa = XCBuildConfiguration;
			buildSettings = {
				ASSETCATALOG_COMPILER_APPICON_NAME = AppIcon;
				ASSETCATALOG_COMPILER_GLOBAL_ACCENT_COLOR_NAME = AccentColor;
				CODE_SIGN_STYLE = Automatic;
				CURRENT_PROJECT_VERSION = 1;
				DEVELOPMENT_TEAM = G85YYYKRLS;
				GENERATE_INFOPLIST_FILE = YES;
				INFOPLIST_FILE = UIKitNavigationExample/Info.plist;
				INFOPLIST_KEY_UIApplicationSupportsIndirectInputEvents = YES;
				INFOPLIST_KEY_UILaunchStoryboardName = LaunchScreen;
				INFOPLIST_KEY_UIMainStoryboardFile = Main;
				INFOPLIST_KEY_UISupportedInterfaceOrientations_iPad = "UIInterfaceOrientationPortrait UIInterfaceOrientationPortraitUpsideDown UIInterfaceOrientationLandscapeLeft UIInterfaceOrientationLandscapeRight";
				INFOPLIST_KEY_UISupportedInterfaceOrientations_iPhone = "UIInterfaceOrientationPortrait UIInterfaceOrientationLandscapeLeft UIInterfaceOrientationLandscapeRight";
				LD_RUNPATH_SEARCH_PATHS = (
					"$(inherited)",
					"@executable_path/Frameworks",
				);
				MARKETING_VERSION = 1.0;
				PRODUCT_BUNDLE_IDENTIFIER = com.example.UIKitNavigationExample;
				PRODUCT_NAME = "$(TARGET_NAME)";
				SWIFT_EMIT_LOC_STRINGS = YES;
				SWIFT_VERSION = 5.0;
				TARGETED_DEVICE_FAMILY = "1,2";
			};
			name = Debug;
		};
		96F0F2452A75521B00675133 /* Release */ = {
			isa = XCBuildConfiguration;
			buildSettings = {
				ASSETCATALOG_COMPILER_APPICON_NAME = AppIcon;
				ASSETCATALOG_COMPILER_GLOBAL_ACCENT_COLOR_NAME = AccentColor;
				CODE_SIGN_STYLE = Automatic;
				CURRENT_PROJECT_VERSION = 1;
				DEVELOPMENT_TEAM = G85YYYKRLS;
				GENERATE_INFOPLIST_FILE = YES;
				INFOPLIST_FILE = UIKitNavigationExample/Info.plist;
				INFOPLIST_KEY_UIApplicationSupportsIndirectInputEvents = YES;
				INFOPLIST_KEY_UILaunchStoryboardName = LaunchScreen;
				INFOPLIST_KEY_UIMainStoryboardFile = Main;
				INFOPLIST_KEY_UISupportedInterfaceOrientations_iPad = "UIInterfaceOrientationPortrait UIInterfaceOrientationPortraitUpsideDown UIInterfaceOrientationLandscapeLeft UIInterfaceOrientationLandscapeRight";
				INFOPLIST_KEY_UISupportedInterfaceOrientations_iPhone = "UIInterfaceOrientationPortrait UIInterfaceOrientationLandscapeLeft UIInterfaceOrientationLandscapeRight";
				LD_RUNPATH_SEARCH_PATHS = (
					"$(inherited)",
					"@executable_path/Frameworks",
				);
				MARKETING_VERSION = 1.0;
				PRODUCT_BUNDLE_IDENTIFIER = com.example.UIKitNavigationExample;
				PRODUCT_NAME = "$(TARGET_NAME)";
				SWIFT_EMIT_LOC_STRINGS = YES;
				SWIFT_VERSION = 5.0;
				TARGETED_DEVICE_FAMILY = "1,2";
			};
			name = Release;
		};
/* End XCBuildConfiguration section */

/* Begin XCConfigurationList section */
		96F0F22A2A75521A00675133 /* Build configuration list for PBXProject "UIKitNavigationExample" */ = {
			isa = XCConfigurationList;
			buildConfigurations = (
				96F0F2412A75521B00675133 /* Debug */,
				96F0F2422A75521B00675133 /* Release */,
			);
			defaultConfigurationIsVisible = 0;
			defaultConfigurationName = Release;
		};
		96F0F2432A75521B00675133 /* Build configuration list for PBXNativeTarget "UIKitNavigationExample" */ = {
			isa = XCConfigurationList;
			buildConfigurations = (
				96F0F2442A75521B00675133 /* Debug */,
				96F0F2452A75521B00675133 /* Release */,
			);
			defaultConfigurationIsVisible = 0;
			defaultConfigurationName = Release;
		};
/* End XCConfigurationList section */
	};
	rootObject = 96F0F2272A75521A00675133 /* Project object */;
}
